// !$*UTF8*$!
{
	archiveVersion = 1;
	classes = {
	};
	objectVersion = 46;
	objects = {

/* Begin PBXBuildFile section */
		9F708DD31C9EA34300DA8124 /* AppDelegate.swift in Sources */ = {isa = PBXBuildFile; fileRef = 9F708DD21C9EA34300DA8124 /* AppDelegate.swift */; };
		9F708DD51C9EA34300DA8124 /* ViewController.swift in Sources */ = {isa = PBXBuildFile; fileRef = 9F708DD41C9EA34300DA8124 /* ViewController.swift */; };
		9F708DD81C9EA34300DA8124 /* Main.storyboard in Resources */ = {isa = PBXBuildFile; fileRef = 9F708DD61C9EA34300DA8124 /* Main.storyboard */; };
		9F708DDA1C9EA34300DA8124 /* Assets.xcassets in Resources */ = {isa = PBXBuildFile; fileRef = 9F708DD91C9EA34300DA8124 /* Assets.xcassets */; };
		9F708DDD1C9EA34300DA8124 /* LaunchScreen.storyboard in Resources */ = {isa = PBXBuildFile; fileRef = 9F708DDB1C9EA34300DA8124 /* LaunchScreen.storyboard */; };
		9FB580A01C9FF39D00845631 /* UIViewExtension.swift in Sources */ = {isa = PBXBuildFile; fileRef = 9FB5809F1C9FF39D00845631 /* UIViewExtension.swift */; };
/* End PBXBuildFile section */

/* Begin PBXFileReference section */
		9F708DCF1C9EA34300DA8124 /* InnerShadowTest.app */ = {isa = PBXFileReference; explicitFileType = wrapper.application; includeInIndex = 0; path = InnerShadowTest.app; sourceTree = BUILT_PRODUCTS_DIR; };
		9F708DD21C9EA34300DA8124 /* AppDelegate.swift */ = {isa = PBXFileReference; lastKnownFileType = sourcecode.swift; path = AppDelegate.swift; sourceTree = "<group>"; };
		9F708DD41C9EA34300DA8124 /* ViewController.swift */ = {isa = PBXFileReference; lastKnownFileType = sourcecode.swift; path = ViewController.swift; sourceTree = "<group>"; };
		9F708DD71C9EA34300DA8124 /* Base */ = {isa = PBXFileReference; lastKnownFileType = file.storyboard; name = Base; path = Base.lproj/Main.storyboard; sourceTree = "<group>"; };
		9F708DD91C9EA34300DA8124 /* Assets.xcassets */ = {isa = PBXFileReference; lastKnownFileType = folder.assetcatalog; path = Assets.xcassets; sourceTree = "<group>"; };
		9F708DDC1C9EA34300DA8124 /* Base */ = {isa = PBXFileReference; lastKnownFileType = file.storyboard; name = Base; path = Base.lproj/LaunchScreen.storyboard; sourceTree = "<group>"; };
		9F708DDE1C9EA34300DA8124 /* Info.plist */ = {isa = PBXFileReference; lastKnownFileType = text.plist.xml; path = Info.plist; sourceTree = "<group>"; };
		9FB5809F1C9FF39D00845631 /* UIViewExtension.swift */ = {isa = PBXFileReference; fileEncoding = 4; lastKnownFileType = sourcecode.swift; path = UIViewExtension.swift; sourceTree = "<group>"; };
/* End PBXFileReference section */

/* Begin PBXFrameworksBuildPhase section */
		9F708DCC1C9EA34300DA8124 /* Frameworks */ = {
			isa = PBXFrameworksBuildPhase;
			buildActionMask = 2147483647;
			files = (
			);
			runOnlyForDeploymentPostprocessing = 0;
		};
/* End PBXFrameworksBuildPhase section */

/* Begin PBXGroup section */
		9F708DC61C9EA34300DA8124 = {
			isa = PBXGroup;
			children = (
				9F708DD11C9EA34300DA8124 /* InnerShadowTest */,
				9F708DD01C9EA34300DA8124 /* Products */,
			);
			sourceTree = "<group>";
		};
		9F708DD01C9EA34300DA8124 /* Products */ = {
			isa = PBXGroup;
			children = (
				9F708DCF1C9EA34300DA8124 /* InnerShadowTest.app */,
			);
			name = Products;
			sourceTree = "<group>";
		};
		9F708DD11C9EA34300DA8124 /* InnerShadowTest */ = {
			isa = PBXGroup;
			children = (
				9F708DD21C9EA34300DA8124 /* AppDelegate.swift */,
				9F708DD41C9EA34300DA8124 /* ViewController.swift */,
				9FB5809F1C9FF39D00845631 /* UIViewExtension.swift */,
				9F708DD61C9EA34300DA8124 /* Main.storyboard */,
				9F708DD91C9EA34300DA8124 /* Assets.xcassets */,
				9F708DDB1C9EA34300DA8124 /* LaunchScreen.storyboard */,
				9F708DDE1C9EA34300DA8124 /* Info.plist */,
			);
			path = InnerShadowTest;
			sourceTree = "<group>";
		};
/* End PBXGroup section */

/* Begin PBXNativeTarget section */
		9F708DCE1C9EA34300DA8124 /* InnerShadowTest */ = {
			isa = PBXNativeTarget;
			buildConfigurationList = 9F708DE11C9EA34300DA8124 /* Build configuration list for PBXNativeTarget "InnerShadowTest" */;
			buildPhases = (
				9F708DCB1C9EA34300DA8124 /* Sources */,
				9F708DCC1C9EA34300DA8124 /* Frameworks */,
				9F708DCD1C9EA34300DA8124 /* Resources */,
			);
			buildRules = (
			);
			dependencies = (
			);
			name = InnerShadowTest;
			productName = InnerShadowTest;
			productReference = 9F708DCF1C9EA34300DA8124 /* InnerShadowTest.app */;
			productType = "com.apple.product-type.application";
		};
/* End PBXNativeTarget section */

/* Begin PBXProject section */
		9F708DC71C9EA34300DA8124 /* Project object */ = {
			isa = PBXProject;
			attributes = {
				LastSwiftUpdateCheck = 0720;
				LastUpgradeCheck = 0830;
				ORGANIZATIONNAME = "ted gao";
				TargetAttributes = {
					9F708DCE1C9EA34300DA8124 = {
						CreatedOnToolsVersion = 7.2.1;
						DevelopmentTeam = K4TGMMBSR9;
						LastSwiftMigration = 0830;
					};
				};
			};
			buildConfigurationList = 9F708DCA1C9EA34300DA8124 /* Build configuration list for PBXProject "InnerShadowTest" */;
			compatibilityVersion = "Xcode 3.2";
			developmentRegion = English;
			hasScannedForEncodings = 0;
			knownRegions = (
				en,
				Base,
			);
			mainGroup = 9F708DC61C9EA34300DA8124;
			productRefGroup = 9F708DD01C9EA34300DA8124 /* Products */;
			projectDirPath = "";
			projectRoot = "";
			targets = (
				9F708DCE1C9EA34300DA8124 /* InnerShadowTest */,
			);
		};
/* End PBXProject section */

/* Begin PBXResourcesBuildPhase section */
		9F708DCD1C9EA34300DA8124 /* Resources */ = {
			isa = PBXResourcesBuildPhase;
			buildActionMask = 2147483647;
			files = (
				9F708DDD1C9EA34300DA8124 /* LaunchScreen.storyboard in Resources */,
				9F708DDA1C9EA34300DA8124 /* Assets.xcassets in Resources */,
				9F708DD81C9EA34300DA8124 /* Main.storyboard in Resources */,
			);
			runOnlyForDeploymentPostprocessing = 0;
		};
/* End PBXResourcesBuildPhase section */

/* Begin PBXSourcesBuildPhase section */
		9F708DCB1C9EA34300DA8124 /* Sources */ = {
			isa = PBXSourcesBuildPhase;
			buildActionMask = 2147483647;
			files = (
				9FB580A01C9FF39D00845631 /* UIViewExtension.swift in Sources */,
				9F708DD51C9EA34300DA8124 /* ViewController.swift in Sources */,
				9F708DD31C9EA34300DA8124 /* AppDelegate.swift in Sources */,
			);
			runOnlyForDeploymentPostprocessing = 0;
		};
/* End PBXSourcesBuildPhase section */

/* Begin PBXVariantGroup section */
		9F708DD61C9EA34300DA8124 /* Main.storyboard */ = {
			isa = PBXVariantGroup;
			children = (
				9F708DD71C9EA34300DA8124 /* Base */,
			);
			name = Main.storyboard;
			sourceTree = "<group>";
		};
		9F708DDB1C9EA34300DA8124 /* LaunchScreen.storyboard */ = {
			isa = PBXVariantGroup;
			children = (
				9F708DDC1C9EA34300DA8124 /* Base */,
			);
			name = LaunchScreen.storyboard;
			sourceTree = "<group>";
		};
/* End PBXVariantGroup section */

/* Begin XCBuildConfiguration section */
		9F708DDF1C9EA34300DA8124 /* Debug */ = {
			isa = XCBuildConfiguration;
			buildSettings = {
				ALWAYS_SEARCH_USER_PATHS = NO;
				CLANG_CXX_LANGUAGE_STANDARD = "gnu++0x";
				CLANG_CXX_LIBRARY = "libc++";
				CLANG_ENABLE_MODULES = YES;
				CLANG_ENABLE_OBJC_ARC = YES;
				CLANG_WARN_BOOL_CONVERSION = YES;
				CLANG_WARN_CONSTANT_CONVERSION = YES;
				CLANG_WARN_DIRECT_OBJC_ISA_USAGE = YES_ERROR;
				CLANG_WARN_EMPTY_BODY = YES;
				CLANG_WARN_ENUM_CONVERSION = YES;
				CLANG_WARN_INFINITE_RECURSION = YES;
				CLANG_WARN_INT_CONVERSION = YES;
				CLANG_WARN_OBJC_ROOT_CLASS = YES_ERROR;
				CLANG_WARN_SUSPICIOUS_MOVE = YES;
				CLANG_WARN_UNREACHABLE_CODE = YES;
				CLANG_WARN__DUPLICATE_METHOD_MATCH = YES;
				CODE_SIGN_IDENTITY = "";
				"CODE_SIGN_IDENTITY[sdk=iphoneos*]" = "iPhone Developer";
				COPY_PHASE_STRIP = NO;
				DEBUG_INFORMATION_FORMAT = dwarf;
				ENABLE_STRICT_OBJC_MSGSEND = YES;
				ENABLE_TESTABILITY = YES;
				GCC_C_LANGUAGE_STANDARD = gnu99;
				GCC_DYNAMIC_NO_PIC = NO;
				GCC_NO_COMMON_BLOCKS = YES;
				GCC_OPTIMIZATION_LEVEL = 0;
				GCC_PREPROCESSOR_DEFINITIONS = (
					"DEBUG=1",
					"$(inherited)",
				);
				GCC_WARN_64_TO_32_BIT_CONVERSION = YES;
				GCC_WARN_ABOUT_RETURN_TYPE = YES_ERROR;
				GCC_WARN_UNDECLARED_SELECTOR = YES;
				GCC_WARN_UNINITIALIZED_AUTOS = YES_AGGRESSIVE;
				GCC_WARN_UNUSED_FUNCTION = YES;
				GCC_WARN_UNUSED_VARIABLE = YES;
				IPHONEOS_DEPLOYMENT_TARGET = 9.0;
				MTL_ENABLE_DEBUG_INFO = YES;
				ONLY_ACTIVE_ARCH = YES;
				SDKROOT = iphoneos;
				SWIFT_OPTIMIZATION_LEVEL = "-Onone";
				TARGETED_DEVICE_FAMILY = "1,2";
			};
			name = Debug;
		};
		9F708DE01C9EA34300DA8124 /* Release */ = {
			isa = XCBuildConfiguration;
			buildSettings = {
				ALWAYS_SEARCH_USER_PATHS = NO;
				CLANG_CXX_LANGUAGE_STANDARD = "gnu++0x";
				CLANG_CXX_LIBRARY = "libc++";
				CLANG_ENABLE_MODULES = YES;
				CLANG_ENABLE_OBJC_ARC = YES;
				CLANG_WARN_BOOL_CONVERSION = YES;
				CLANG_WARN_CONSTANT_CONVERSION = YES;
				CLANG_WARN_DIRECT_OBJC_ISA_USAGE = YES_ERROR;
				CLANG_WARN_EMPTY_BODY = YES;
				CLANG_WARN_ENUM_CONVERSION = YES;
				CLANG_WARN_INFINITE_RECURSION = YES;
				CLANG_WARN_INT_CONVERSION = YES;
				CLANG_WARN_OBJC_ROOT_CLASS = YES_ERROR;
				CLANG_WARN_SUSPICIOUS_MOVE = YES;
				CLANG_WARN_UNREACHABLE_CODE = YES;
				CLANG_WARN__DUPLICATE_METHOD_MATCH = YES;
				CODE_SIGN_IDENTITY = "";
				"CODE_SIGN_IDENTITY[sdk=iphoneos*]" = "iPhone Developer";
				COPY_PHASE_STRIP = NO;
				DEBUG_INFORMATION_FORMAT = "dwarf-with-dsym";
				ENABLE_NS_ASSERTIONS = NO;
				ENABLE_STRICT_OBJC_MSGSEND = YES;
				GCC_C_LANGUAGE_STANDARD = gnu99;
				GCC_NO_COMMON_BLOCKS = YES;
				GCC_WARN_64_TO_32_BIT_CONVERSION = YES;
				GCC_WARN_ABOUT_RETURN_TYPE = YES_ERROR;
				GCC_WARN_UNDECLARED_SELECTOR = YES;
				GCC_WARN_UNINITIALIZED_AUTOS = YES_AGGRESSIVE;
				GCC_WARN_UNUSED_FUNCTION = YES;
				GCC_WARN_UNUSED_VARIABLE = YES;
				IPHONEOS_DEPLOYMENT_TARGET = 9.0;
				MTL_ENABLE_DEBUG_INFO = NO;
				SDKROOT = iphoneos;
				SWIFT_OPTIMIZATION_LEVEL = "-Owholemodule";
				TARGETED_DEVICE_FAMILY = "1,2";
				VALIDATE_PRODUCT = YES;
			};
			name = Release;
		};
		9F708DE21C9EA34300DA8124 /* Debug */ = {
			isa = XCBuildConfiguration;
			buildSettings = {
				ASSETCATALOG_COMPILER_APPICON_NAME = AppIcon;
				DEVELOPMENT_TEAM = K4TGMMBSR9;
				INFOPLIST_FILE = InnerShadowTest/Info.plist;
				LD_RUNPATH_SEARCH_PATHS = "$(inherited) @executable_path/Frameworks";
				PRODUCT_BUNDLE_IDENTIFIER = com.oneteque.InnerShadowTest;
				PRODUCT_NAME = "$(TARGET_NAME)";
				SWIFT_VERSION = 3.0;
			};
			name = Debug;
		};
		9F708DE31C9EA34300DA8124 /* Release */ = {
			isa = XCBuildConfiguration;
			buildSettings = {
				ASSETCATALOG_COMPILER_APPICON_NAME = AppIcon;
				DEVELOPMENT_TEAM = K4TGMMBSR9;
				INFOPLIST_FILE = InnerShadowTest/Info.plist;
				LD_RUNPATH_SEARCH_PATHS = "$(inherited) @executable_path/Frameworks";
				PRODUCT_BUNDLE_IDENTIFIER = com.oneteque.InnerShadowTest;
				PRODUCT_NAME = "$(TARGET_NAME)";
				SWIFT_VERSION = 3.0;
			};
			name = Release;
		};
/* End XCBuildConfiguration section */

/* Begin XCConfigurationList section */
		9F708DCA1C9EA34300DA8124 /* Build configuration list for PBXProject "InnerShadowTest" */ = {
			isa = XCConfigurationList;
			buildConfigurations = (
				9F708DDF1C9EA34300DA8124 /* Debug */,
				9F708DE01C9EA34300DA8124 /* Release */,
			);
			defaultConfigurationIsVisible = 0;
			defaultConfigurationName = Release;
		};
		9F708DE11C9EA34300DA8124 /* Build configuration list for PBXNativeTarget "InnerShadowTest" */ = {
			isa = XCConfigurationList;
			buildConfigurations = (
				9F708DE21C9EA34300DA8124 /* Debug */,
				9F708DE31C9EA34300DA8124 /* Release */,
			);
			defaultConfigurationIsVisible = 0;
			defaultConfigurationName = Release;
		};
/* End XCConfigurationList section */
	};
	rootObject = 9F708DC71C9EA34300DA8124 /* Project object */;
}
